
Microsoft Visual Studio Solution File, Format Version 12.00
# Visual Studio Version 17
VisualStudioVersion = 17.8.34408.163
MinimumVisualStudioVersion = 10.0.40219.1
Project("{FAE04EC0-301F-11D3-BF4B-00C04F79EFBC}") = "Movie-Library", "Movie-Library\Movie-Library.csproj", "{3638BBC5-8B99-43AB-A4A1-328A84DD1C38}"
EndProject
Global
	GlobalSection(SolutionConfigurationPlatforms) = preSolution
		Debug|Any CPU = Debug|Any CPU
		Release|Any CPU = Release|Any CPU
	EndGlobalSection
	GlobalSection(ProjectConfigurationPlatforms) = postSolution
		{3638BBC5-8B99-43AB-A4A1-328A84DD1C38}.Debug|Any CPU.ActiveCfg = Debug|Any CPU
		{3638BBC5-8B99-43AB-A4A1-328A84DD1C38}.Debug|Any CPU.Build.0 = Debug|Any CPU
		{3638BBC5-8B99-43AB-A4A1-328A84DD1C38}.Release|Any CPU.ActiveCfg = Release|Any CPU
		{3638BBC5-8B99-43AB-A4A1-328A84DD1C38}.Release|Any CPU.Build.0 = Release|Any CPU
	EndGlobalSection
	GlobalSection(SolutionProperties) = preSolution
		HideSolutionNode = FALSE
	EndGlobalSection
	GlobalSection(ExtensibilityGlobals) = postSolution
		SolutionGuid = {DF4D1671-5EC1-410A-AE3B-CA087AD8049E}
	EndGlobalSection
EndGlobal
